// !$*UTF8*$!
{
	archiveVersion = 1;
	classes = {
	};
	objectVersion = 46;
	objects = {

/* Begin PBXBuildFile section */
		E3AEFDF71BC61E54009C9438 /* main.m in Sources */ = {isa = PBXBuildFile; fileRef = E3AEFDF61BC61E54009C9438 /* main.m */; };
		E3AEFDFA1BC61E54009C9438 /* AppDelegate.m in Sources */ = {isa = PBXBuildFile; fileRef = E3AEFDF91BC61E54009C9438 /* AppDelegate.m */; };
		E3AEFDFD1BC61E54009C9438 /* ViewController.m in Sources */ = {isa = PBXBuildFile; fileRef = E3AEFDFC1BC61E54009C9438 /* ViewController.m */; };
		E3AEFE001BC61E54009C9438 /* Main.storyboard in Resources */ = {isa = PBXBuildFile; fileRef = E3AEFDFE1BC61E54009C9438 /* Main.storyboard */; };
		E3AEFE021BC61E54009C9438 /* Assets.xcassets in Resources */ = {isa = PBXBuildFile; fileRef = E3AEFE011BC61E54009C9438 /* Assets.xcassets */; };
		E3AEFE051BC61E54009C9438 /* LaunchScreen.storyboard in Resources */ = {isa = PBXBuildFile; fileRef = E3AEFE031BC61E54009C9438 /* LaunchScreen.storyboard */; };
		E3AEFE261BC61E76009C9438 /* MASCompositeConstraint.m in Sources */ = {isa = PBXBuildFile; fileRef = E3AEFE0E1BC61E76009C9438 /* MASCompositeConstraint.m */; settings = {ASSET_TAGS = (); }; };
		E3AEFE271BC61E76009C9438 /* MASConstraint.m in Sources */ = {isa = PBXBuildFile; fileRef = E3AEFE111BC61E76009C9438 /* MASConstraint.m */; settings = {ASSET_TAGS = (); }; };
		E3AEFE281BC61E76009C9438 /* MASConstraintMaker.m in Sources */ = {isa = PBXBuildFile; fileRef = E3AEFE131BC61E76009C9438 /* MASConstraintMaker.m */; settings = {ASSET_TAGS = (); }; };
		E3AEFE291BC61E76009C9438 /* MASLayoutConstraint.m in Sources */ = {isa = PBXBuildFile; fileRef = E3AEFE151BC61E76009C9438 /* MASLayoutConstraint.m */; settings = {ASSET_TAGS = (); }; };
		E3AEFE2A1BC61E76009C9438 /* MASViewAttribute.m in Sources */ = {isa = PBXBuildFile; fileRef = E3AEFE191BC61E76009C9438 /* MASViewAttribute.m */; settings = {ASSET_TAGS = (); }; };
		E3AEFE2B1BC61E76009C9438 /* MASViewConstraint.m in Sources */ = {isa = PBXBuildFile; fileRef = E3AEFE1B1BC61E76009C9438 /* MASViewConstraint.m */; settings = {ASSET_TAGS = (); }; };
		E3AEFE2C1BC61E76009C9438 /* NSArray+MASAdditions.m in Sources */ = {isa = PBXBuildFile; fileRef = E3AEFE1D1BC61E76009C9438 /* NSArray+MASAdditions.m */; settings = {ASSET_TAGS = (); }; };
		E3AEFE2D1BC61E76009C9438 /* NSLayoutConstraint+MASDebugAdditions.m in Sources */ = {isa = PBXBuildFile; fileRef = E3AEFE201BC61E76009C9438 /* NSLayoutConstraint+MASDebugAdditions.m */; settings = {ASSET_TAGS = (); }; };
		E3AEFE2E1BC61E76009C9438 /* View+MASAdditions.m in Sources */ = {isa = PBXBuildFile; fileRef = E3AEFE221BC61E76009C9438 /* View+MASAdditions.m */; settings = {ASSET_TAGS = (); }; };
		E3AEFE2F1BC61E76009C9438 /* ViewController+MASAdditions.m in Sources */ = {isa = PBXBuildFile; fileRef = E3AEFE251BC61E76009C9438 /* ViewController+MASAdditions.m */; settings = {ASSET_TAGS = (); }; };
		E3AEFE321BC61EB3009C9438 /* ZYTableViewCell.m in Sources */ = {isa = PBXBuildFile; fileRef = E3AEFE311BC61EB3009C9438 /* ZYTableViewCell.m */; settings = {ASSET_TAGS = (); }; };
/* End PBXBuildFile section */

/* Begin PBXFileReference section */
		E3AEFDF21BC61E54009C9438 /* Masary不定行高.app */ = {isa = PBXFileReference; explicitFileType = wrapper.application; includeInIndex = 0; path = "Masary不定行高.app"; sourceTree = BUILT_PRODUCTS_DIR; };
		E3AEFDF61BC61E54009C9438 /* main.m */ = {isa = PBXFileReference; lastKnownFileType = sourcecode.c.objc; path = main.m; sourceTree = "<group>"; };
		E3AEFDF81BC61E54009C9438 /* AppDelegate.h */ = {isa = PBXFileReference; lastKnownFileType = sourcecode.c.h; path = AppDelegate.h; sourceTree = "<group>"; };
		E3AEFDF91BC61E54009C9438 /* AppDelegate.m */ = {isa = PBXFileReference; lastKnownFileType = sourcecode.c.objc; path = AppDelegate.m; sourceTree = "<group>"; };
		E3AEFDFB1BC61E54009C9438 /* ViewController.h */ = {isa = PBXFileReference; lastKnownFileType = sourcecode.c.h; path = ViewController.h; sourceTree = "<group>"; };
		E3AEFDFC1BC61E54009C9438 /* ViewController.m */ = {isa = PBXFileReference; lastKnownFileType = sourcecode.c.objc; path = ViewController.m; sourceTree = "<group>"; };
		E3AEFDFF1BC61E54009C9438 /* Base */ = {isa = PBXFileReference; lastKnownFileType = file.storyboard; name = Base; path = Base.lproj/Main.storyboard; sourceTree = "<group>"; };
		E3AEFE011BC61E54009C9438 /* Assets.xcassets */ = {isa = PBXFileReference; lastKnownFileType = folder.assetcatalog; path = Assets.xcassets; sourceTree = "<group>"; };
		E3AEFE041BC61E54009C9438 /* Base */ = {isa = PBXFileReference; lastKnownFileType = file.storyboard; name = Base; path = Base.lproj/LaunchScreen.storyboard; sourceTree = "<group>"; };
		E3AEFE061BC61E54009C9438 /* Info.plist */ = {isa = PBXFileReference; lastKnownFileType = text.plist.xml; path = Info.plist; sourceTree = "<group>"; };
		E3AEFE0D1BC61E76009C9438 /* MASCompositeConstraint.h */ = {isa = PBXFileReference; fileEncoding = 4; lastKnownFileType = sourcecode.c.h; path = MASCompositeConstraint.h; sourceTree = "<group>"; };
		E3AEFE0E1BC61E76009C9438 /* MASCompositeConstraint.m */ = {isa = PBXFileReference; fileEncoding = 4; lastKnownFileType = sourcecode.c.objc; path = MASCompositeConstraint.m; sourceTree = "<group>"; };
		E3AEFE0F1BC61E76009C9438 /* MASConstraint+Private.h */ = {isa = PBXFileReference; fileEncoding = 4; lastKnownFileType = sourcecode.c.h; path = "MASConstraint+Private.h"; sourceTree = "<group>"; };
		E3AEFE101BC61E76009C9438 /* MASConstraint.h */ = {isa = PBXFileReference; fileEncoding = 4; lastKnownFileType = sourcecode.c.h; path = MASConstraint.h; sourceTree = "<group>"; };
		E3AEFE111BC61E76009C9438 /* MASConstraint.m */ = {isa = PBXFileReference; fileEncoding = 4; lastKnownFileType = sourcecode.c.objc; path = MASConstraint.m; sourceTree = "<group>"; };
		E3AEFE121BC61E76009C9438 /* MASConstraintMaker.h */ = {isa = PBXFileReference; fileEncoding = 4; lastKnownFileType = sourcecode.c.h; path = MASConstraintMaker.h; sourceTree = "<group>"; };
		E3AEFE131BC61E76009C9438 /* MASConstraintMaker.m */ = {isa = PBXFileReference; fileEncoding = 4; lastKnownFileType = sourcecode.c.objc; path = MASConstraintMaker.m; sourceTree = "<group>"; };
		E3AEFE141BC61E76009C9438 /* MASLayoutConstraint.h */ = {isa = PBXFileReference; fileEncoding = 4; lastKnownFileType = sourcecode.c.h; path = MASLayoutConstraint.h; sourceTree = "<group>"; };
		E3AEFE151BC61E76009C9438 /* MASLayoutConstraint.m */ = {isa = PBXFileReference; fileEncoding = 4; lastKnownFileType = sourcecode.c.objc; path = MASLayoutConstraint.m; sourceTree = "<group>"; };
		E3AEFE161BC61E76009C9438 /* Masonry.h */ = {isa = PBXFileReference; fileEncoding = 4; lastKnownFileType = sourcecode.c.h; path = Masonry.h; sourceTree = "<group>"; };
		E3AEFE171BC61E76009C9438 /* MASUtilities.h */ = {isa = PBXFileReference; fileEncoding = 4; lastKnownFileType = sourcecode.c.h; path = MASUtilities.h; sourceTree = "<group>"; };
		E3AEFE181BC61E76009C9438 /* MASViewAttribute.h */ = {isa = PBXFileReference; fileEncoding = 4; lastKnownFileType = sourcecode.c.h; path = MASViewAttribute.h; sourceTree = "<group>"; };
		E3AEFE191BC61E76009C9438 /* MASViewAttribute.m */ = {isa = PBXFileReference; fileEncoding = 4; lastKnownFileType = sourcecode.c.objc; path = MASViewAttribute.m; sourceTree = "<group>"; };
		E3AEFE1A1BC61E76009C9438 /* MASViewConstraint.h */ = {isa = PBXFileReference; fileEncoding = 4; lastKnownFileType = sourcecode.c.h; path = MASViewConstraint.h; sourceTree = "<group>"; };
		E3AEFE1B1BC61E76009C9438 /* MASViewConstraint.m */ = {isa = PBXFileReference; fileEncoding = 4; lastKnownFileType = sourcecode.c.objc; path = MASViewConstraint.m; sourceTree = "<group>"; };
		E3AEFE1C1BC61E76009C9438 /* NSArray+MASAdditions.h */ = {isa = PBXFileReference; fileEncoding = 4; lastKnownFileType = sourcecode.c.h; path = "NSArray+MASAdditions.h"; sourceTree = "<group>"; };
		E3AEFE1D1BC61E76009C9438 /* NSArray+MASAdditions.m */ = {isa = PBXFileReference; fileEncoding = 4; lastKnownFileType = sourcecode.c.objc; path = "NSArray+MASAdditions.m"; sourceTree = "<group>"; };
		E3AEFE1E1BC61E76009C9438 /* NSArray+MASShorthandAdditions.h */ = {isa = PBXFileReference; fileEncoding = 4; lastKnownFileType = sourcecode.c.h; path = "NSArray+MASShorthandAdditions.h"; sourceTree = "<group>"; };
		E3AEFE1F1BC61E76009C9438 /* NSLayoutConstraint+MASDebugAdditions.h */ = {isa = PBXFileReference; fileEncoding = 4; lastKnownFileType = sourcecode.c.h; path = "NSLayoutConstraint+MASDebugAdditions.h"; sourceTree = "<group>"; };
		E3AEFE201BC61E76009C9438 /* NSLayoutConstraint+MASDebugAdditions.m */ = {isa = PBXFileReference; fileEncoding = 4; lastKnownFileType = sourcecode.c.objc; path = "NSLayoutConstraint+MASDebugAdditions.m"; sourceTree = "<group>"; };
		E3AEFE211BC61E76009C9438 /* View+MASAdditions.h */ = {isa = PBXFileReference; fileEncoding = 4; lastKnownFileType = sourcecode.c.h; path = "View+MASAdditions.h"; sourceTree = "<group>"; };
		E3AEFE221BC61E76009C9438 /* View+MASAdditions.m */ = {isa = PBXFileReference; fileEncoding = 4; lastKnownFileType = sourcecode.c.objc; path = "View+MASAdditions.m"; sourceTree = "<group>"; };
		E3AEFE231BC61E76009C9438 /* View+MASShorthandAdditions.h */ = {isa = PBXFileReference; fileEncoding = 4; lastKnownFileType = sourcecode.c.h; path = "View+MASShorthandAdditions.h"; sourceTree = "<group>"; };
		E3AEFE241BC61E76009C9438 /* ViewController+MASAdditions.h */ = {isa = PBXFileReference; fileEncoding = 4; lastKnownFileType = sourcecode.c.h; path = "ViewController+MASAdditions.h"; sourceTree = "<group>"; };
		E3AEFE251BC61E76009C9438 /* ViewController+MASAdditions.m */ = {isa = PBXFileReference; fileEncoding = 4; lastKnownFileType = sourcecode.c.objc; path = "ViewController+MASAdditions.m"; sourceTree = "<group>"; };
		E3AEFE301BC61EB3009C9438 /* ZYTableViewCell.h */ = {isa = PBXFileReference; fileEncoding = 4; lastKnownFileType = sourcecode.c.h; path = ZYTableViewCell.h; sourceTree = "<group>"; };
		E3AEFE311BC61EB3009C9438 /* ZYTableViewCell.m */ = {isa = PBXFileReference; fileEncoding = 4; lastKnownFileType = sourcecode.c.objc; path = ZYTableViewCell.m; sourceTree = "<group>"; };
/* End PBXFileReference section */

/* Begin PBXFrameworksBuildPhase section */
		E3AEFDEF1BC61E54009C9438 /* Frameworks */ = {
			isa = PBXFrameworksBuildPhase;
			buildActionMask = 2147483647;
			files = (
			);
			runOnlyForDeploymentPostprocessing = 0;
		};
/* End PBXFrameworksBuildPhase section */

/* Begin PBXGroup section */
		E3AEFDE91BC61E54009C9438 = {
			isa = PBXGroup;
			children = (
				E3AEFDF41BC61E54009C9438 /* Masary不定行高 */,
				E3AEFDF31BC61E54009C9438 /* Products */,
			);
			sourceTree = "<group>";
		};
		E3AEFDF31BC61E54009C9438 /* Products */ = {
			isa = PBXGroup;
			children = (
				E3AEFDF21BC61E54009C9438 /* Masary不定行高.app */,
			);
			name = Products;
			sourceTree = "<group>";
		};
		E3AEFDF41BC61E54009C9438 /* Masary不定行高 */ = {
			isa = PBXGroup;
			children = (
				E3AEFDF81BC61E54009C9438 /* AppDelegate.h */,
				E3AEFDF91BC61E54009C9438 /* AppDelegate.m */,
				E3AEFDFB1BC61E54009C9438 /* ViewController.h */,
				E3AEFDFC1BC61E54009C9438 /* ViewController.m */,
				E3AEFDFE1BC61E54009C9438 /* Main.storyboard */,
				E3AEFE011BC61E54009C9438 /* Assets.xcassets */,
				E3AEFE0C1BC61E76009C9438 /* Masonry */,
				E3AEFE031BC61E54009C9438 /* LaunchScreen.storyboard */,
				E3AEFE061BC61E54009C9438 /* Info.plist */,
				E3AEFDF51BC61E54009C9438 /* Supporting Files */,
				E3AEFE301BC61EB3009C9438 /* ZYTableViewCell.h */,
				E3AEFE311BC61EB3009C9438 /* ZYTableViewCell.m */,
			);
			path = "Masary不定行高";
			sourceTree = "<group>";
		};
		E3AEFDF51BC61E54009C9438 /* Supporting Files */ = {
			isa = PBXGroup;
			children = (
				E3AEFDF61BC61E54009C9438 /* main.m */,
			);
			name = "Supporting Files";
			sourceTree = "<group>";
		};
		E3AEFE0C1BC61E76009C9438 /* Masonry */ = {
			isa = PBXGroup;
			children = (
				E3AEFE0D1BC61E76009C9438 /* MASCompositeConstraint.h */,
				E3AEFE0E1BC61E76009C9438 /* MASCompositeConstraint.m */,
				E3AEFE0F1BC61E76009C9438 /* MASConstraint+Private.h */,
				E3AEFE101BC61E76009C9438 /* MASConstraint.h */,
				E3AEFE111BC61E76009C9438 /* MASConstraint.m */,
				E3AEFE121BC61E76009C9438 /* MASConstraintMaker.h */,
				E3AEFE131BC61E76009C9438 /* MASConstraintMaker.m */,
				E3AEFE141BC61E76009C9438 /* MASLayoutConstraint.h */,
				E3AEFE151BC61E76009C9438 /* MASLayoutConstraint.m */,
				E3AEFE161BC61E76009C9438 /* Masonry.h */,
				E3AEFE171BC61E76009C9438 /* MASUtilities.h */,
				E3AEFE181BC61E76009C9438 /* MASViewAttribute.h */,
				E3AEFE191BC61E76009C9438 /* MASViewAttribute.m */,
				E3AEFE1A1BC61E76009C9438 /* MASViewConstraint.h */,
				E3AEFE1B1BC61E76009C9438 /* MASViewConstraint.m */,
				E3AEFE1C1BC61E76009C9438 /* NSArray+MASAdditions.h */,
				E3AEFE1D1BC61E76009C9438 /* NSArray+MASAdditions.m */,
				E3AEFE1E1BC61E76009C9438 /* NSArray+MASShorthandAdditions.h */,
				E3AEFE1F1BC61E76009C9438 /* NSLayoutConstraint+MASDebugAdditions.h */,
				E3AEFE201BC61E76009C9438 /* NSLayoutConstraint+MASDebugAdditions.m */,
				E3AEFE211BC61E76009C9438 /* View+MASAdditions.h */,
				E3AEFE221BC61E76009C9438 /* View+MASAdditions.m */,
				E3AEFE231BC61E76009C9438 /* View+MASShorthandAdditions.h */,
				E3AEFE241BC61E76009C9438 /* ViewController+MASAdditions.h */,
				E3AEFE251BC61E76009C9438 /* ViewController+MASAdditions.m */,
			);
			path = Masonry;
			sourceTree = "<group>";
		};
/* End PBXGroup section */

/* Begin PBXNativeTarget section */
		E3AEFDF11BC61E54009C9438 /* Masary不定行高 */ = {
			isa = PBXNativeTarget;
			buildConfigurationList = E3AEFE091BC61E54009C9438 /* Build configuration list for PBXNativeTarget "Masary不定行高" */;
			buildPhases = (
				E3AEFDEE1BC61E54009C9438 /* Sources */,
				E3AEFDEF1BC61E54009C9438 /* Frameworks */,
				E3AEFDF01BC61E54009C9438 /* Resources */,
			);
			buildRules = (
			);
			dependencies = (
			);
			name = "Masary不定行高";
			productName = "Masary不定行高";
			productReference = E3AEFDF21BC61E54009C9438 /* Masary不定行高.app */;
			productType = "com.apple.product-type.application";
		};
/* End PBXNativeTarget section */

/* Begin PBXProject section */
		E3AEFDEA1BC61E54009C9438 /* Project object */ = {
			isa = PBXProject;
			attributes = {
				LastUpgradeCheck = 0700;
				ORGANIZATIONNAME = chewan;
				TargetAttributes = {
					E3AEFDF11BC61E54009C9438 = {
						CreatedOnToolsVersion = 7.0.1;
					};
				};
			};
			buildConfigurationList = E3AEFDED1BC61E54009C9438 /* Build configuration list for PBXProject "Masary不定行高" */;
			compatibilityVersion = "Xcode 3.2";
			developmentRegion = English;
			hasScannedForEncodings = 0;
			knownRegions = (
				en,
				Base,
			);
			mainGroup = E3AEFDE91BC61E54009C9438;
			productRefGroup = E3AEFDF31BC61E54009C9438 /* Products */;
			projectDirPath = "";
			projectRoot = "";
			targets = (
				E3AEFDF11BC61E54009C9438 /* Masary不定行高 */,
			);
		};
/* End PBXProject section */

/* Begin PBXResourcesBuildPhase section */
		E3AEFDF01BC61E54009C9438 /* Resources */ = {
			isa = PBXResourcesBuildPhase;
			buildActionMask = 2147483647;
			files = (
				E3AEFE051BC61E54009C9438 /* LaunchScreen.storyboard in Resources */,
				E3AEFE021BC61E54009C9438 /* Assets.xcassets in Resources */,
				E3AEFE001BC61E54009C9438 /* Main.storyboard in Resources */,
			);
			runOnlyForDeploymentPostprocessing = 0;
		};
/* End PBXResourcesBuildPhase section */

/* Begin PBXSourcesBuildPhase section */
		E3AEFDEE1BC61E54009C9438 /* Sources */ = {
			isa = PBXSourcesBuildPhase;
			buildActionMask = 2147483647;
			files = (
				E3AEFE2D1BC61E76009C9438 /* NSLayoutConstraint+MASDebugAdditions.m in Sources */,
				E3AEFE2B1BC61E76009C9438 /* MASViewConstraint.m in Sources */,
				E3AEFE261BC61E76009C9438 /* MASCompositeConstraint.m in Sources */,
				E3AEFE2C1BC61E76009C9438 /* NSArray+MASAdditions.m in Sources */,
				E3AEFDFD1BC61E54009C9438 /* ViewController.m in Sources */,
				E3AEFDFA1BC61E54009C9438 /* AppDelegate.m in Sources */,
				E3AEFE321BC61EB3009C9438 /* ZYTableViewCell.m in Sources */,
				E3AEFE291BC61E76009C9438 /* MASLayoutConstraint.m in Sources */,
				E3AEFDF71BC61E54009C9438 /* main.m in Sources */,
				E3AEFE2F1BC61E76009C9438 /* ViewController+MASAdditions.m in Sources */,
				E3AEFE2E1BC61E76009C9438 /* View+MASAdditions.m in Sources */,
				E3AEFE2A1BC61E76009C9438 /* MASViewAttribute.m in Sources */,
				E3AEFE271BC61E76009C9438 /* MASConstraint.m in Sources */,
				E3AEFE281BC61E76009C9438 /* MASConstraintMaker.m in Sources */,
			);
			runOnlyForDeploymentPostprocessing = 0;
		};
/* End PBXSourcesBuildPhase section */

/* Begin PBXVariantGroup section */
		E3AEFDFE1BC61E54009C9438 /* Main.storyboard */ = {
			isa = PBXVariantGroup;
			children = (
				E3AEFDFF1BC61E54009C9438 /* Base */,
			);
			name = Main.storyboard;
			sourceTree = "<group>";
		};
		E3AEFE031BC61E54009C9438 /* LaunchScreen.storyboard */ = {
			isa = PBXVariantGroup;
			children = (
				E3AEFE041BC61E54009C9438 /* Base */,
			);
			name = LaunchScreen.storyboard;
			sourceTree = "<group>";
		};
/* End PBXVariantGroup section */

/* Begin XCBuildConfiguration section */
		E3AEFE071BC61E54009C9438 /* Debug */ = {
			isa = XCBuildConfiguration;
			buildSettings = {
				ALWAYS_SEARCH_USER_PATHS = NO;
				CLANG_CXX_LANGUAGE_STANDARD = "gnu++0x";
				CLANG_CXX_LIBRARY = "libc++";
				CLANG_ENABLE_MODULES = YES;
				CLANG_ENABLE_OBJC_ARC = YES;
				CLANG_WARN_BOOL_CONVERSION = YES;
				CLANG_WARN_CONSTANT_CONVERSION = YES;
				CLANG_WARN_DIRECT_OBJC_ISA_USAGE = YES_ERROR;
				CLANG_WARN_EMPTY_BODY = YES;
				CLANG_WARN_ENUM_CONVERSION = YES;
				CLANG_WARN_INT_CONVERSION = YES;
				CLANG_WARN_OBJC_ROOT_CLASS = YES_ERROR;
				CLANG_WARN_UNREACHABLE_CODE = YES;
				CLANG_WARN__DUPLICATE_METHOD_MATCH = YES;
				"CODE_SIGN_IDENTITY[sdk=iphoneos*]" = "iPhone Developer";
				COPY_PHASE_STRIP = NO;
				DEBUG_INFORMATION_FORMAT = dwarf;
				ENABLE_STRICT_OBJC_MSGSEND = YES;
				ENABLE_TESTABILITY = YES;
				GCC_C_LANGUAGE_STANDARD = gnu99;
				GCC_DYNAMIC_NO_PIC = NO;
				GCC_NO_COMMON_BLOCKS = YES;
				GCC_OPTIMIZATION_LEVEL = 0;
				GCC_PREPROCESSOR_DEFINITIONS = (
					"DEBUG=1",
					"$(inherited)",
				);
				GCC_WARN_64_TO_32_BIT_CONVERSION = YES;
				GCC_WARN_ABOUT_RETURN_TYPE = YES_ERROR;
				GCC_WARN_UNDECLARED_SELECTOR = YES;
				GCC_WARN_UNINITIALIZED_AUTOS = YES_AGGRESSIVE;
				GCC_WARN_UNUSED_FUNCTION = YES;
				GCC_WARN_UNUSED_VARIABLE = YES;
				IPHONEOS_DEPLOYMENT_TARGET = 9.0;
				MTL_ENABLE_DEBUG_INFO = YES;
				ONLY_ACTIVE_ARCH = YES;
				SDKROOT = iphoneos;
			};
			name = Debug;
		};
		E3AEFE081BC61E54009C9438 /* Release */ = {
			isa = XCBuildConfiguration;
			buildSettings = {
				ALWAYS_SEARCH_USER_PATHS = NO;
				CLANG_CXX_LANGUAGE_STANDARD = "gnu++0x";
				CLANG_CXX_LIBRARY = "libc++";
				CLANG_ENABLE_MODULES = YES;
				CLANG_ENABLE_OBJC_ARC = YES;
				CLANG_WARN_BOOL_CONVERSION = YES;
				CLANG_WARN_CONSTANT_CONVERSION = YES;
				CLANG_WARN_DIRECT_OBJC_ISA_USAGE = YES_ERROR;
				CLANG_WARN_EMPTY_BODY = YES;
				CLANG_WARN_ENUM_CONVERSION = YES;
				CLANG_WARN_INT_CONVERSION = YES;
				CLANG_WARN_OBJC_ROOT_CLASS = YES_ERROR;
				CLANG_WARN_UNREACHABLE_CODE = YES;
				CLANG_WARN__DUPLICATE_METHOD_MATCH = YES;
				"CODE_SIGN_IDENTITY[sdk=iphoneos*]" = "iPhone Developer";
				COPY_PHASE_STRIP = NO;
				DEBUG_INFORMATION_FORMAT = "dwarf-with-dsym";
				ENABLE_NS_ASSERTIONS = NO;
				ENABLE_STRICT_OBJC_MSGSEND = YES;
				GCC_C_LANGUAGE_STANDARD = gnu99;
				GCC_NO_COMMON_BLOCKS = YES;
				GCC_WARN_64_TO_32_BIT_CONVERSION = YES;
				GCC_WARN_ABOUT_RETURN_TYPE = YES_ERROR;
				GCC_WARN_UNDECLARED_SELECTOR = YES;
				GCC_WARN_UNINITIALIZED_AUTOS = YES_AGGRESSIVE;
				GCC_WARN_UNUSED_FUNCTION = YES;
				GCC_WARN_UNUSED_VARIABLE = YES;
				IPHONEOS_DEPLOYMENT_TARGET = 9.0;
				MTL_ENABLE_DEBUG_INFO = NO;
				SDKROOT = iphoneos;
				VALIDATE_PRODUCT = YES;
			};
			name = Release;
		};
		E3AEFE0A1BC61E54009C9438 /* Debug */ = {
			isa = XCBuildConfiguration;
			buildSettings = {
				ASSETCATALOG_COMPILER_APPICON_NAME = AppIcon;
				INFOPLIST_FILE = "Masary不定行高/Info.plist";
				LD_RUNPATH_SEARCH_PATHS = "$(inherited) @executable_path/Frameworks";
				PRODUCT_BUNDLE_IDENTIFIER = "com.gongpingjia.Masary----";
				PRODUCT_NAME = "$(TARGET_NAME)";
			};
			name = Debug;
		};
		E3AEFE0B1BC61E54009C9438 /* Release */ = {
			isa = XCBuildConfiguration;
			buildSettings = {
				ASSETCATALOG_COMPILER_APPICON_NAME = AppIcon;
				INFOPLIST_FILE = "Masary不定行高/Info.plist";
				LD_RUNPATH_SEARCH_PATHS = "$(inherited) @executable_path/Frameworks";
				PRODUCT_BUNDLE_IDENTIFIER = "com.gongpingjia.Masary----";
				PRODUCT_NAME = "$(TARGET_NAME)";
			};
			name = Release;
		};
/* End XCBuildConfiguration section */

/* Begin XCConfigurationList section */
		E3AEFDED1BC61E54009C9438 /* Build configuration list for PBXProject "Masary不定行高" */ = {
			isa = XCConfigurationList;
			buildConfigurations = (
				E3AEFE071BC61E54009C9438 /* Debug */,
				E3AEFE081BC61E54009C9438 /* Release */,
			);
			defaultConfigurationIsVisible = 0;
			defaultConfigurationName = Release;
		};
		E3AEFE091BC61E54009C9438 /* Build configuration list for PBXNativeTarget "Masary不定行高" */ = {
			isa = XCConfigurationList;
			buildConfigurations = (
				E3AEFE0A1BC61E54009C9438 /* Debug */,
				E3AEFE0B1BC61E54009C9438 /* Release */,
			);
			defaultConfigurationIsVisible = 0;
		};
/* End XCConfigurationList section */
	};
	rootObject = E3AEFDEA1BC61E54009C9438 /* Project object */;
}
