// !$*UTF8*$!
{
	archiveVersion = 1;
	classes = {
	};
	objectVersion = 46;
	objects = {

/* Begin PBXBuildFile section */
		6B4959D91B33A23900DB63EA /* Images.xcassets in Resources */ = {isa = PBXBuildFile; fileRef = 6B4959D81B33A23900DB63EA /* Images.xcassets */; };
		6B4959DC1B33A23900DB63EA /* LaunchScreen.xib in Resources */ = {isa = PBXBuildFile; fileRef = 6B4959DA1B33A23900DB63EA /* LaunchScreen.xib */; };
		6B4959E81B33A23900DB63EA /* CarPlayTests.m in Sources */ = {isa = PBXBuildFile; fileRef = 6B4959E71B33A23900DB63EA /* CarPlayTests.m */; };
		6B4EF15B1B4036EE00292BD4 /* CPCityController.m in Sources */ = {isa = PBXBuildFile; fileRef = 6B4EF13C1B4036EE00292BD4 /* CPCityController.m */; };
		6B4EF15C1B4036EE00292BD4 /* CPCityController.storyboard in Resources */ = {isa = PBXBuildFile; fileRef = 6B4EF13D1B4036EE00292BD4 /* CPCityController.storyboard */; };
		6B4EF15D1B4036EE00292BD4 /* CPTabBarController.m in Sources */ = {isa = PBXBuildFile; fileRef = 6B4EF1451B4036EE00292BD4 /* CPTabBarController.m */; };
		6B4EF15E1B4036EE00292BD4 /* Main.storyboard in Resources */ = {isa = PBXBuildFile; fileRef = 6B4EF1461B4036EE00292BD4 /* Main.storyboard */; };
		6B4EF15F1B4036EE00292BD4 /* AppDelegate.m in Sources */ = {isa = PBXBuildFile; fileRef = 6B4EF14A1B4036EE00292BD4 /* AppDelegate.m */; };
		6B4EF1601B4036EE00292BD4 /* main.m in Sources */ = {isa = PBXBuildFile; fileRef = 6B4EF14B1B4036EE00292BD4 /* main.m */; };
		6B4EF1611B4036EE00292BD4 /* CPMessageController.m in Sources */ = {isa = PBXBuildFile; fileRef = 6B4EF1501B4036EE00292BD4 /* CPMessageController.m */; };
		6B4EF1621B4036EE00292BD4 /* CPMessageController.storyboard in Resources */ = {isa = PBXBuildFile; fileRef = 6B4EF1511B4036EE00292BD4 /* CPMessageController.storyboard */; };
		6B4EF1631B4036EE00292BD4 /* CPMyController.m in Sources */ = {isa = PBXBuildFile; fileRef = 6B4EF1571B4036EE00292BD4 /* CPMyController.m */; };
		6B4EF1641B4036EE00292BD4 /* CPMyController.storyboard in Resources */ = {isa = PBXBuildFile; fileRef = 6B4EF1581B4036EE00292BD4 /* CPMyController.storyboard */; };
		6B4EF1681B403A5D00292BD4 /* UIBarButtonItem+Extension.m in Sources */ = {isa = PBXBuildFile; fileRef = 6B4EF1671B403A5D00292BD4 /* UIBarButtonItem+Extension.m */; };
/* End PBXBuildFile section */

/* Begin PBXContainerItemProxy section */
		6B4959E21B33A23900DB63EA /* PBXContainerItemProxy */ = {
			isa = PBXContainerItemProxy;
			containerPortal = 6B4959C01B33A23900DB63EA /* Project object */;
			proxyType = 1;
			remoteGlobalIDString = 6B4959C71B33A23900DB63EA;
			remoteInfo = CarPlay;
		};
/* End PBXContainerItemProxy section */

/* Begin PBXFileReference section */
		6B4959C81B33A23900DB63EA /* CarPlay.app */ = {isa = PBXFileReference; explicitFileType = wrapper.application; includeInIndex = 0; path = CarPlay.app; sourceTree = BUILT_PRODUCTS_DIR; };
		6B4959CC1B33A23900DB63EA /* Info.plist */ = {isa = PBXFileReference; lastKnownFileType = text.plist.xml; path = Info.plist; sourceTree = "<group>"; };
		6B4959D81B33A23900DB63EA /* Images.xcassets */ = {isa = PBXFileReference; lastKnownFileType = folder.assetcatalog; path = Images.xcassets; sourceTree = "<group>"; };
		6B4959DB1B33A23900DB63EA /* Base */ = {isa = PBXFileReference; lastKnownFileType = file.xib; name = Base; path = Base.lproj/LaunchScreen.xib; sourceTree = "<group>"; };
		6B4959E11B33A23900DB63EA /* CarPlayTests.xctest */ = {isa = PBXFileReference; explicitFileType = wrapper.cfbundle; includeInIndex = 0; path = CarPlayTests.xctest; sourceTree = BUILT_PRODUCTS_DIR; };
		6B4959E61B33A23900DB63EA /* Info.plist */ = {isa = PBXFileReference; lastKnownFileType = text.plist.xml; path = Info.plist; sourceTree = "<group>"; };
		6B4959E71B33A23900DB63EA /* CarPlayTests.m */ = {isa = PBXFileReference; lastKnownFileType = sourcecode.c.objc; path = CarPlayTests.m; sourceTree = "<group>"; };
		6B4EF13B1B4036EE00292BD4 /* CPCityController.h */ = {isa = PBXFileReference; fileEncoding = 4; lastKnownFileType = sourcecode.c.h; path = CPCityController.h; sourceTree = "<group>"; };
		6B4EF13C1B4036EE00292BD4 /* CPCityController.m */ = {isa = PBXFileReference; fileEncoding = 4; lastKnownFileType = sourcecode.c.objc; path = CPCityController.m; sourceTree = "<group>"; };
		6B4EF13D1B4036EE00292BD4 /* CPCityController.storyboard */ = {isa = PBXFileReference; fileEncoding = 4; lastKnownFileType = file.storyboard; path = CPCityController.storyboard; sourceTree = "<group>"; };
		6B4EF1441B4036EE00292BD4 /* CPTabBarController.h */ = {isa = PBXFileReference; fileEncoding = 4; lastKnownFileType = sourcecode.c.h; path = CPTabBarController.h; sourceTree = "<group>"; };
		6B4EF1451B4036EE00292BD4 /* CPTabBarController.m */ = {isa = PBXFileReference; fileEncoding = 4; lastKnownFileType = sourcecode.c.objc; path = CPTabBarController.m; sourceTree = "<group>"; };
		6B4EF1461B4036EE00292BD4 /* Main.storyboard */ = {isa = PBXFileReference; fileEncoding = 4; lastKnownFileType = file.storyboard; path = Main.storyboard; sourceTree = "<group>"; };
		6B4EF1491B4036EE00292BD4 /* AppDelegate.h */ = {isa = PBXFileReference; fileEncoding = 4; lastKnownFileType = sourcecode.c.h; path = AppDelegate.h; sourceTree = "<group>"; };
		6B4EF14A1B4036EE00292BD4 /* AppDelegate.m */ = {isa = PBXFileReference; fileEncoding = 4; lastKnownFileType = sourcecode.c.objc; path = AppDelegate.m; sourceTree = "<group>"; };
		6B4EF14B1B4036EE00292BD4 /* main.m */ = {isa = PBXFileReference; fileEncoding = 4; lastKnownFileType = sourcecode.c.objc; path = main.m; sourceTree = "<group>"; };
		6B4EF14F1B4036EE00292BD4 /* CPMessageController.h */ = {isa = PBXFileReference; fileEncoding = 4; lastKnownFileType = sourcecode.c.h; path = CPMessageController.h; sourceTree = "<group>"; };
		6B4EF1501B4036EE00292BD4 /* CPMessageController.m */ = {isa = PBXFileReference; fileEncoding = 4; lastKnownFileType = sourcecode.c.objc; path = CPMessageController.m; sourceTree = "<group>"; };
		6B4EF1511B4036EE00292BD4 /* CPMessageController.storyboard */ = {isa = PBXFileReference; fileEncoding = 4; lastKnownFileType = file.storyboard; path = CPMessageController.storyboard; sourceTree = "<group>"; };
		6B4EF1561B4036EE00292BD4 /* CPMyController.h */ = {isa = PBXFileReference; fileEncoding = 4; lastKnownFileType = sourcecode.c.h; path = CPMyController.h; sourceTree = "<group>"; };
		6B4EF1571B4036EE00292BD4 /* CPMyController.m */ = {isa = PBXFileReference; fileEncoding = 4; lastKnownFileType = sourcecode.c.objc; path = CPMyController.m; sourceTree = "<group>"; };
		6B4EF1581B4036EE00292BD4 /* CPMyController.storyboard */ = {isa = PBXFileReference; fileEncoding = 4; lastKnownFileType = file.storyboard; path = CPMyController.storyboard; sourceTree = "<group>"; };
		6B4EF1651B4037DB00292BD4 /* CP_Prefix.pch */ = {isa = PBXFileReference; fileEncoding = 4; lastKnownFileType = sourcecode.c.h; path = CP_Prefix.pch; sourceTree = "<group>"; };
		6B4EF1661B403A5D00292BD4 /* UIBarButtonItem+Extension.h */ = {isa = PBXFileReference; fileEncoding = 4; lastKnownFileType = sourcecode.c.h; path = "UIBarButtonItem+Extension.h"; sourceTree = "<group>"; };
		6B4EF1671B403A5D00292BD4 /* UIBarButtonItem+Extension.m */ = {isa = PBXFileReference; fileEncoding = 4; lastKnownFileType = sourcecode.c.objc; path = "UIBarButtonItem+Extension.m"; sourceTree = "<group>"; };
/* End PBXFileReference section */

/* Begin PBXFrameworksBuildPhase section */
		6B4959C51B33A23900DB63EA /* Frameworks */ = {
			isa = PBXFrameworksBuildPhase;
			buildActionMask = 2147483647;
			files = (
			);
			runOnlyForDeploymentPostprocessing = 0;
		};
		6B4959DE1B33A23900DB63EA /* Frameworks */ = {
			isa = PBXFrameworksBuildPhase;
			buildActionMask = 2147483647;
			files = (
			);
			runOnlyForDeploymentPostprocessing = 0;
		};
/* End PBXFrameworksBuildPhase section */

/* Begin PBXGroup section */
		6B4959BF1B33A23900DB63EA = {
			isa = PBXGroup;
			children = (
				6B4959CA1B33A23900DB63EA /* CarPlay */,
				6B4959E41B33A23900DB63EA /* CarPlayTests */,
				6B4959C91B33A23900DB63EA /* Products */,
			);
			sourceTree = "<group>";
		};
		6B4959C91B33A23900DB63EA /* Products */ = {
			isa = PBXGroup;
			children = (
				6B4959C81B33A23900DB63EA /* CarPlay.app */,
				6B4959E11B33A23900DB63EA /* CarPlayTests.xctest */,
			);
			name = Products;
			sourceTree = "<group>";
		};
		6B4959CA1B33A23900DB63EA /* CarPlay */ = {
			isa = PBXGroup;
			children = (
				6B4EF1381B4036EE00292BD4 /* Classes */,
				6B4959CB1B33A23900DB63EA /* Supporting Files */,
			);
			path = CarPlay;
			sourceTree = "<group>";
		};
		6B4959CB1B33A23900DB63EA /* Supporting Files */ = {
			isa = PBXGroup;
			children = (
				6B4959D81B33A23900DB63EA /* Images.xcassets */,
				6B4959DA1B33A23900DB63EA /* LaunchScreen.xib */,
				6B4959CC1B33A23900DB63EA /* Info.plist */,
				6B4EF1651B4037DB00292BD4 /* CP_Prefix.pch */,
			);
			name = "Supporting Files";
			sourceTree = "<group>";
		};
		6B4959E41B33A23900DB63EA /* CarPlayTests */ = {
			isa = PBXGroup;
			children = (
				6B4959E71B33A23900DB63EA /* CarPlayTests.m */,
				6B4959E51B33A23900DB63EA /* Supporting Files */,
			);
			path = CarPlayTests;
			sourceTree = "<group>";
		};
		6B4959E51B33A23900DB63EA /* Supporting Files */ = {
			isa = PBXGroup;
			children = (
				6B4959E61B33A23900DB63EA /* Info.plist */,
			);
			name = "Supporting Files";
			sourceTree = "<group>";
		};
		6B4EF1381B4036EE00292BD4 /* Classes */ = {
			isa = PBXGroup;
			children = (
				6B4EF1391B4036EE00292BD4 /* City */,
				6B4EF1401B4036EE00292BD4 /* Libs */,
				6B4EF1411B4036EE00292BD4 /* Main */,
				6B4EF14D1B4036EE00292BD4 /* Message */,
				6B4EF1541B4036EE00292BD4 /* My */,
			);
			path = Classes;
			sourceTree = "<group>";
		};
		6B4EF1391B4036EE00292BD4 /* City */ = {
			isa = PBXGroup;
			children = (
				6B4EF13A1B4036EE00292BD4 /* Controller */,
				6B4EF13E1B4036EE00292BD4 /* Mode */,
				6B4EF13F1B4036EE00292BD4 /* View */,
			);
			path = City;
			sourceTree = "<group>";
		};
		6B4EF13A1B4036EE00292BD4 /* Controller */ = {
			isa = PBXGroup;
			children = (
				6B4EF13B1B4036EE00292BD4 /* CPCityController.h */,
				6B4EF13C1B4036EE00292BD4 /* CPCityController.m */,
				6B4EF13D1B4036EE00292BD4 /* CPCityController.storyboard */,
			);
			path = Controller;
			sourceTree = "<group>";
		};
		6B4EF13E1B4036EE00292BD4 /* Mode */ = {
			isa = PBXGroup;
			children = (
			);
			path = Mode;
			sourceTree = "<group>";
		};
		6B4EF13F1B4036EE00292BD4 /* View */ = {
			isa = PBXGroup;
			children = (
			);
			path = View;
			sourceTree = "<group>";
		};
		6B4EF1401B4036EE00292BD4 /* Libs */ = {
			isa = PBXGroup;
			children = (
			);
			path = Libs;
			sourceTree = "<group>";
		};
		6B4EF1411B4036EE00292BD4 /* Main */ = {
			isa = PBXGroup;
			children = (
				6B4EF1421B4036EE00292BD4 /* Category */,
				6B4EF1431B4036EE00292BD4 /* Controller */,
				6B4EF1471B4036EE00292BD4 /* Mode */,
				6B4EF1481B4036EE00292BD4 /* Other */,
				6B4EF14C1B4036EE00292BD4 /* View */,
			);
			path = Main;
			sourceTree = "<group>";
		};
		6B4EF1421B4036EE00292BD4 /* Category */ = {
			isa = PBXGroup;
			children = (
				6B4EF1661B403A5D00292BD4 /* UIBarButtonItem+Extension.h */,
				6B4EF1671B403A5D00292BD4 /* UIBarButtonItem+Extension.m */,
			);
			path = Category;
			sourceTree = "<group>";
		};
		6B4EF1431B4036EE00292BD4 /* Controller */ = {
			isa = PBXGroup;
			children = (
				6B4EF1441B4036EE00292BD4 /* CPTabBarController.h */,
				6B4EF1451B4036EE00292BD4 /* CPTabBarController.m */,
				6B4EF1461B4036EE00292BD4 /* Main.storyboard */,
			);
			path = Controller;
			sourceTree = "<group>";
		};
		6B4EF1471B4036EE00292BD4 /* Mode */ = {
			isa = PBXGroup;
			children = (
			);
			path = Mode;
			sourceTree = "<group>";
		};
		6B4EF1481B4036EE00292BD4 /* Other */ = {
			isa = PBXGroup;
			children = (
				6B4EF1491B4036EE00292BD4 /* AppDelegate.h */,
				6B4EF14A1B4036EE00292BD4 /* AppDelegate.m */,
				6B4EF14B1B4036EE00292BD4 /* main.m */,
			);
			path = Other;
			sourceTree = "<group>";
		};
		6B4EF14C1B4036EE00292BD4 /* View */ = {
			isa = PBXGroup;
			children = (
			);
			path = View;
			sourceTree = "<group>";
		};
		6B4EF14D1B4036EE00292BD4 /* Message */ = {
			isa = PBXGroup;
			children = (
				6B4EF14E1B4036EE00292BD4 /* Controller */,
				6B4EF1521B4036EE00292BD4 /* Mode */,
				6B4EF1531B4036EE00292BD4 /* View */,
			);
			path = Message;
			sourceTree = "<group>";
		};
		6B4EF14E1B4036EE00292BD4 /* Controller */ = {
			isa = PBXGroup;
			children = (
				6B4EF14F1B4036EE00292BD4 /* CPMessageController.h */,
				6B4EF1501B4036EE00292BD4 /* CPMessageController.m */,
				6B4EF1511B4036EE00292BD4 /* CPMessageController.storyboard */,
			);
			path = Controller;
			sourceTree = "<group>";
		};
		6B4EF1521B4036EE00292BD4 /* Mode */ = {
			isa = PBXGroup;
			children = (
			);
			path = Mode;
			sourceTree = "<group>";
		};
		6B4EF1531B4036EE00292BD4 /* View */ = {
			isa = PBXGroup;
			children = (
			);
			path = View;
			sourceTree = "<group>";
		};
		6B4EF1541B4036EE00292BD4 /* My */ = {
			isa = PBXGroup;
			children = (
				6B4EF1551B4036EE00292BD4 /* Controller */,
				6B4EF1591B4036EE00292BD4 /* Mode */,
				6B4EF15A1B4036EE00292BD4 /* View */,
			);
			path = My;
			sourceTree = "<group>";
		};
		6B4EF1551B4036EE00292BD4 /* Controller */ = {
			isa = PBXGroup;
			children = (
				6B4EF1561B4036EE00292BD4 /* CPMyController.h */,
				6B4EF1571B4036EE00292BD4 /* CPMyController.m */,
				6B4EF1581B4036EE00292BD4 /* CPMyController.storyboard */,
			);
			path = Controller;
			sourceTree = "<group>";
		};
		6B4EF1591B4036EE00292BD4 /* Mode */ = {
			isa = PBXGroup;
			children = (
			);
			path = Mode;
			sourceTree = "<group>";
		};
		6B4EF15A1B4036EE00292BD4 /* View */ = {
			isa = PBXGroup;
			children = (
			);
			path = View;
			sourceTree = "<group>";
		};
/* End PBXGroup section */

/* Begin PBXNativeTarget section */
		6B4959C71B33A23900DB63EA /* CarPlay */ = {
			isa = PBXNativeTarget;
			buildConfigurationList = 6B4959EB1B33A23900DB63EA /* Build configuration list for PBXNativeTarget "CarPlay" */;
			buildPhases = (
				6B4959C41B33A23900DB63EA /* Sources */,
				6B4959C51B33A23900DB63EA /* Frameworks */,
				6B4959C61B33A23900DB63EA /* Resources */,
			);
			buildRules = (
			);
			dependencies = (
			);
			name = CarPlay;
			productName = CarPlay;
			productReference = 6B4959C81B33A23900DB63EA /* CarPlay.app */;
			productType = "com.apple.product-type.application";
		};
		6B4959E01B33A23900DB63EA /* CarPlayTests */ = {
			isa = PBXNativeTarget;
			buildConfigurationList = 6B4959EE1B33A23900DB63EA /* Build configuration list for PBXNativeTarget "CarPlayTests" */;
			buildPhases = (
				6B4959DD1B33A23900DB63EA /* Sources */,
				6B4959DE1B33A23900DB63EA /* Frameworks */,
				6B4959DF1B33A23900DB63EA /* Resources */,
			);
			buildRules = (
			);
			dependencies = (
				6B4959E31B33A23900DB63EA /* PBXTargetDependency */,
			);
			name = CarPlayTests;
			productName = CarPlayTests;
			productReference = 6B4959E11B33A23900DB63EA /* CarPlayTests.xctest */;
			productType = "com.apple.product-type.bundle.unit-test";
		};
/* End PBXNativeTarget section */

/* Begin PBXProject section */
		6B4959C01B33A23900DB63EA /* Project object */ = {
			isa = PBXProject;
			attributes = {
				LastUpgradeCheck = 0630;
				ORGANIZATIONNAME = gongpingjia;
				TargetAttributes = {
					6B4959C71B33A23900DB63EA = {
						CreatedOnToolsVersion = 6.3.2;
					};
					6B4959E01B33A23900DB63EA = {
						CreatedOnToolsVersion = 6.3.2;
						TestTargetID = 6B4959C71B33A23900DB63EA;
					};
				};
			};
			buildConfigurationList = 6B4959C31B33A23900DB63EA /* Build configuration list for PBXProject "CarPlay" */;
			compatibilityVersion = "Xcode 3.2";
			developmentRegion = English;
			hasScannedForEncodings = 0;
			knownRegions = (
				en,
				Base,
			);
			mainGroup = 6B4959BF1B33A23900DB63EA;
			productRefGroup = 6B4959C91B33A23900DB63EA /* Products */;
			projectDirPath = "";
			projectRoot = "";
			targets = (
				6B4959C71B33A23900DB63EA /* CarPlay */,
				6B4959E01B33A23900DB63EA /* CarPlayTests */,
			);
		};
/* End PBXProject section */

/* Begin PBXResourcesBuildPhase section */
		6B4959C61B33A23900DB63EA /* Resources */ = {
			isa = PBXResourcesBuildPhase;
			buildActionMask = 2147483647;
			files = (
				6B4959DC1B33A23900DB63EA /* LaunchScreen.xib in Resources */,
				6B4EF15C1B4036EE00292BD4 /* CPCityController.storyboard in Resources */,
				6B4959D91B33A23900DB63EA /* Images.xcassets in Resources */,
				6B4EF15E1B4036EE00292BD4 /* Main.storyboard in Resources */,
				6B4EF1621B4036EE00292BD4 /* CPMessageController.storyboard in Resources */,
				6B4EF1641B4036EE00292BD4 /* CPMyController.storyboard in Resources */,
			);
			runOnlyForDeploymentPostprocessing = 0;
		};
		6B4959DF1B33A23900DB63EA /* Resources */ = {
			isa = PBXResourcesBuildPhase;
			buildActionMask = 2147483647;
			files = (
			);
			runOnlyForDeploymentPostprocessing = 0;
		};
/* End PBXResourcesBuildPhase section */

/* Begin PBXSourcesBuildPhase section */
		6B4959C41B33A23900DB63EA /* Sources */ = {
			isa = PBXSourcesBuildPhase;
			buildActionMask = 2147483647;
			files = (
				6B4EF15D1B4036EE00292BD4 /* CPTabBarController.m in Sources */,
				6B4EF1681B403A5D00292BD4 /* UIBarButtonItem+Extension.m in Sources */,
				6B4EF15B1B4036EE00292BD4 /* CPCityController.m in Sources */,
				6B4EF1601B4036EE00292BD4 /* main.m in Sources */,
				6B4EF15F1B4036EE00292BD4 /* AppDelegate.m in Sources */,
				6B4EF1631B4036EE00292BD4 /* CPMyController.m in Sources */,
				6B4EF1611B4036EE00292BD4 /* CPMessageController.m in Sources */,
			);
			runOnlyForDeploymentPostprocessing = 0;
		};
		6B4959DD1B33A23900DB63EA /* Sources */ = {
			isa = PBXSourcesBuildPhase;
			buildActionMask = 2147483647;
			files = (
				6B4959E81B33A23900DB63EA /* CarPlayTests.m in Sources */,
			);
			runOnlyForDeploymentPostprocessing = 0;
		};
/* End PBXSourcesBuildPhase section */

/* Begin PBXTargetDependency section */
		6B4959E31B33A23900DB63EA /* PBXTargetDependency */ = {
			isa = PBXTargetDependency;
			target = 6B4959C71B33A23900DB63EA /* CarPlay */;
			targetProxy = 6B4959E21B33A23900DB63EA /* PBXContainerItemProxy */;
		};
/* End PBXTargetDependency section */

/* Begin PBXVariantGroup section */
		6B4959DA1B33A23900DB63EA /* LaunchScreen.xib */ = {
			isa = PBXVariantGroup;
			children = (
				6B4959DB1B33A23900DB63EA /* Base */,
			);
			name = LaunchScreen.xib;
			sourceTree = "<group>";
		};
/* End PBXVariantGroup section */

/* Begin XCBuildConfiguration section */
		6B4959E91B33A23900DB63EA /* Debug */ = {
			isa = XCBuildConfiguration;
			buildSettings = {
				ALWAYS_SEARCH_USER_PATHS = NO;
				CLANG_CXX_LANGUAGE_STANDARD = "gnu++0x";
				CLANG_CXX_LIBRARY = "libc++";
				CLANG_ENABLE_MODULES = YES;
				CLANG_ENABLE_OBJC_ARC = YES;
				CLANG_WARN_BOOL_CONVERSION = YES;
				CLANG_WARN_CONSTANT_CONVERSION = YES;
				CLANG_WARN_DIRECT_OBJC_ISA_USAGE = YES_ERROR;
				CLANG_WARN_EMPTY_BODY = YES;
				CLANG_WARN_ENUM_CONVERSION = YES;
				CLANG_WARN_INT_CONVERSION = YES;
				CLANG_WARN_OBJC_ROOT_CLASS = YES_ERROR;
				CLANG_WARN_UNREACHABLE_CODE = YES;
				CLANG_WARN__DUPLICATE_METHOD_MATCH = YES;
				"CODE_SIGN_IDENTITY[sdk=iphoneos*]" = "iPhone Developer";
				COPY_PHASE_STRIP = NO;
				DEBUG_INFORMATION_FORMAT = "dwarf-with-dsym";
				ENABLE_STRICT_OBJC_MSGSEND = YES;
				GCC_C_LANGUAGE_STANDARD = gnu99;
				GCC_DYNAMIC_NO_PIC = NO;
				GCC_NO_COMMON_BLOCKS = YES;
				GCC_OPTIMIZATION_LEVEL = 0;
				GCC_PREPROCESSOR_DEFINITIONS = (
					"DEBUG=1",
					"$(inherited)",
				);
				GCC_SYMBOLS_PRIVATE_EXTERN = NO;
				GCC_WARN_64_TO_32_BIT_CONVERSION = YES;
				GCC_WARN_ABOUT_RETURN_TYPE = YES_ERROR;
				GCC_WARN_UNDECLARED_SELECTOR = YES;
				GCC_WARN_UNINITIALIZED_AUTOS = YES_AGGRESSIVE;
				GCC_WARN_UNUSED_FUNCTION = YES;
				GCC_WARN_UNUSED_VARIABLE = YES;
				IPHONEOS_DEPLOYMENT_TARGET = 8.3;
				MTL_ENABLE_DEBUG_INFO = YES;
				ONLY_ACTIVE_ARCH = YES;
				SDKROOT = iphoneos;
			};
			name = Debug;
		};
		6B4959EA1B33A23900DB63EA /* Release */ = {
			isa = XCBuildConfiguration;
			buildSettings = {
				ALWAYS_SEARCH_USER_PATHS = NO;
				CLANG_CXX_LANGUAGE_STANDARD = "gnu++0x";
				CLANG_CXX_LIBRARY = "libc++";
				CLANG_ENABLE_MODULES = YES;
				CLANG_ENABLE_OBJC_ARC = YES;
				CLANG_WARN_BOOL_CONVERSION = YES;
				CLANG_WARN_CONSTANT_CONVERSION = YES;
				CLANG_WARN_DIRECT_OBJC_ISA_USAGE = YES_ERROR;
				CLANG_WARN_EMPTY_BODY = YES;
				CLANG_WARN_ENUM_CONVERSION = YES;
				CLANG_WARN_INT_CONVERSION = YES;
				CLANG_WARN_OBJC_ROOT_CLASS = YES_ERROR;
				CLANG_WARN_UNREACHABLE_CODE = YES;
				CLANG_WARN__DUPLICATE_METHOD_MATCH = YES;
				"CODE_SIGN_IDENTITY[sdk=iphoneos*]" = "iPhone Developer";
				COPY_PHASE_STRIP = NO;
				DEBUG_INFORMATION_FORMAT = "dwarf-with-dsym";
				ENABLE_NS_ASSERTIONS = NO;
				ENABLE_STRICT_OBJC_MSGSEND = YES;
				GCC_C_LANGUAGE_STANDARD = gnu99;
				GCC_NO_COMMON_BLOCKS = YES;
				GCC_WARN_64_TO_32_BIT_CONVERSION = YES;
				GCC_WARN_ABOUT_RETURN_TYPE = YES_ERROR;
				GCC_WARN_UNDECLARED_SELECTOR = YES;
				GCC_WARN_UNINITIALIZED_AUTOS = YES_AGGRESSIVE;
				GCC_WARN_UNUSED_FUNCTION = YES;
				GCC_WARN_UNUSED_VARIABLE = YES;
				IPHONEOS_DEPLOYMENT_TARGET = 8.3;
				MTL_ENABLE_DEBUG_INFO = NO;
				SDKROOT = iphoneos;
				VALIDATE_PRODUCT = YES;
			};
			name = Release;
		};
		6B4959EC1B33A23900DB63EA /* Debug */ = {
			isa = XCBuildConfiguration;
			buildSettings = {
				ASSETCATALOG_COMPILER_APPICON_NAME = AppIcon;
				GCC_PREFIX_HEADER = CarPlay/CP_Prefix.pch;
				INFOPLIST_FILE = CarPlay/Info.plist;
				LD_RUNPATH_SEARCH_PATHS = "$(inherited) @executable_path/Frameworks";
				PRODUCT_NAME = "$(TARGET_NAME)";
			};
			name = Debug;
		};
		6B4959ED1B33A23900DB63EA /* Release */ = {
			isa = XCBuildConfiguration;
			buildSettings = {
				ASSETCATALOG_COMPILER_APPICON_NAME = AppIcon;
				GCC_PREFIX_HEADER = CarPlay/CP_Prefix.pch;
				INFOPLIST_FILE = CarPlay/Info.plist;
				LD_RUNPATH_SEARCH_PATHS = "$(inherited) @executable_path/Frameworks";
				PRODUCT_NAME = "$(TARGET_NAME)";
			};
			name = Release;
		};
		6B4959EF1B33A23900DB63EA /* Debug */ = {
			isa = XCBuildConfiguration;
			buildSettings = {
				BUNDLE_LOADER = "$(TEST_HOST)";
				FRAMEWORK_SEARCH_PATHS = (
					"$(SDKROOT)/Developer/Library/Frameworks",
					"$(inherited)",
				);
				GCC_PREPROCESSOR_DEFINITIONS = (
					"DEBUG=1",
					"$(inherited)",
				);
				INFOPLIST_FILE = CarPlayTests/Info.plist;
				LD_RUNPATH_SEARCH_PATHS = "$(inherited) @executable_path/Frameworks @loader_path/Frameworks";
				PRODUCT_NAME = "$(TARGET_NAME)";
				TEST_HOST = "$(BUILT_PRODUCTS_DIR)/CarPlay.app/CarPlay";
			};
			name = Debug;
		};
		6B4959F01B33A23900DB63EA /* Release */ = {
			isa = XCBuildConfiguration;
			buildSettings = {
				BUNDLE_LOADER = "$(TEST_HOST)";
				FRAMEWORK_SEARCH_PATHS = (
					"$(SDKROOT)/Developer/Library/Frameworks",
					"$(inherited)",
				);
				INFOPLIST_FILE = CarPlayTests/Info.plist;
				LD_RUNPATH_SEARCH_PATHS = "$(inherited) @executable_path/Frameworks @loader_path/Frameworks";
				PRODUCT_NAME = "$(TARGET_NAME)";
				TEST_HOST = "$(BUILT_PRODUCTS_DIR)/CarPlay.app/CarPlay";
			};
			name = Release;
		};
/* End XCBuildConfiguration section */

/* Begin XCConfigurationList section */
		6B4959C31B33A23900DB63EA /* Build configuration list for PBXProject "CarPlay" */ = {
			isa = XCConfigurationList;
			buildConfigurations = (
				6B4959E91B33A23900DB63EA /* Debug */,
				6B4959EA1B33A23900DB63EA /* Release */,
			);
			defaultConfigurationIsVisible = 0;
			defaultConfigurationName = Release;
		};
		6B4959EB1B33A23900DB63EA /* Build configuration list for PBXNativeTarget "CarPlay" */ = {
			isa = XCConfigurationList;
			buildConfigurations = (
				6B4959EC1B33A23900DB63EA /* Debug */,
				6B4959ED1B33A23900DB63EA /* Release */,
			);
			defaultConfigurationIsVisible = 0;
			defaultConfigurationName = Release;
		};
		6B4959EE1B33A23900DB63EA /* Build configuration list for PBXNativeTarget "CarPlayTests" */ = {
			isa = XCConfigurationList;
			buildConfigurations = (
				6B4959EF1B33A23900DB63EA /* Debug */,
				6B4959F01B33A23900DB63EA /* Release */,
			);
			defaultConfigurationIsVisible = 0;
			defaultConfigurationName = Release;
		};
/* End XCConfigurationList section */
	};
	rootObject = 6B4959C01B33A23900DB63EA /* Project object */;
}
